
Microsoft Visual Studio Solution File, Format Version 12.00
# Visual Studio Version 17
VisualStudioVersion = 17.0.32014.148
MinimumVisualStudioVersion = 10.0.40219.1
Project("{9A19103F-16F7-4668-BE54-9A1E7A4F7556}") = "Cli", "src\Cli\Cli.csproj", "{93CF6900-8F5C-4364-9EAF-8992B883361B}"
EndProject
Project("{9A19103F-16F7-4668-BE54-9A1E7A4F7556}") = "SoulMemory", "src\SoulMemory\SoulMemory.csproj", "{03480F4F-F423-4144-90C6-CBDA68269374}"
EndProject
Project("{9A19103F-16F7-4668-BE54-9A1E7A4F7556}") = "SoulSplitter", "src\SoulSplitter\SoulSplitter.csproj", "{A30986D1-6B5A-415D-A737-AE0D9EF4CE9C}"
EndProject
Project("{2150E333-8FDC-42A3-9474-1A3956D46DE8}") = "src", "src", "{DAF9C4D1-2E17-44C9-BC7B-0F26EDBE97E2}"
EndProject
Project("{2150E333-8FDC-42A3-9474-1A3956D46DE8}") = "Solution Items", "Solution Items", "{9ECE037E-3DA0-484A-9DF9-3057906A03C9}"
	ProjectSection(SolutionItems) = preProject
		.editorconfig = .editorconfig
		.gitignore = .gitignore
		.github\workflows\build.yml = .github\workflows\build.yml
		CapitaineToinon - COPYING = CapitaineToinon - COPYING
		.github\workflows\debug.yml = .github\workflows\debug.yml
		Directory.Build.props = Directory.Build.props
		.github\workflows\issues.yml = .github\workflows\issues.yml
		LICENSE = LICENSE
		README.md = README.md
	EndProjectSection
EndProject
Project("{2150E333-8FDC-42A3-9474-1A3956D46DE8}") = "Components", "Components", "{622B105C-C5BF-49B3-BEBD-FC5845B27CA0}"
	ProjectSection(SolutionItems) = preProject
		Components\MaterialDesignColors.dll = Components\MaterialDesignColors.dll
		Components\MaterialDesignThemes.Wpf.dll = Components\MaterialDesignThemes.Wpf.dll
		Components\MaterialDesignThemes.Wpf.xml = Components\MaterialDesignThemes.Wpf.xml
		Components\SoulMemory.dll = Components\SoulMemory.dll
		Components\SoulSplitter.dll = Components\SoulSplitter.dll
		Components\Updates.xml = Components\Updates.xml
	EndProjectSection
EndProject
Project("{2150E333-8FDC-42A3-9474-1A3956D46DE8}") = "tests", "tests", "{FCB71284-721B-4845-AF63-F80DD168D949}"
EndProject
Project("{2150E333-8FDC-42A3-9474-1A3956D46DE8}") = "resources", "resources", "{564D80BA-1417-4E5B-A110-166574298772}"
	ProjectSection(SolutionItems) = preProject
		resources\soulsplitter.ico = resources\soulsplitter.ico
		resources\soulsplitter.png = resources\soulsplitter.png
		resources\soulsplitter1.png = resources\soulsplitter1.png
		resources\soulsplitter2.png = resources\soulsplitter2.png
		resources\soulsplitter3.png = resources\soulsplitter3.png
		resources\soulsplitter4.png = resources\soulsplitter4.png
	EndProjectSection
EndProject
Project("{9A19103F-16F7-4668-BE54-9A1E7A4F7556}") = "SoulMemory.Tests", "tests\SoulMemory.Tests\SoulMemory.Tests.csproj", "{A8FE4ABB-A952-49B0-B39A-9B3B4574587B}"
EndProject
Project("{9A19103F-16F7-4668-BE54-9A1E7A4F7556}") = "SoulSplitter.Tests", "tests\SoulSplitter.Tests\SoulSplitter.Tests.csproj", "{13D6FF7F-E774-424C-940C-C76FF98D8916}"
EndProject
Project("{9A19103F-16F7-4668-BE54-9A1E7A4F7556}") = "CliTimer", "src\CliTimer\CliTimer.csproj", "{F7482938-4DEE-4BEB-BBA7-D9AE696404F3}"
EndProject
Global
	GlobalSection(SolutionConfigurationPlatforms) = preSolution
		Debug|x64 = Debug|x64
		Release|x64 = Release|x64
	EndGlobalSection
	GlobalSection(ProjectConfigurationPlatforms) = postSolution
		{93CF6900-8F5C-4364-9EAF-8992B883361B}.Debug|x64.ActiveCfg = Debug|x64
		{93CF6900-8F5C-4364-9EAF-8992B883361B}.Debug|x64.Build.0 = Debug|x64
		{93CF6900-8F5C-4364-9EAF-8992B883361B}.Release|x64.ActiveCfg = Release|x64
		{93CF6900-8F5C-4364-9EAF-8992B883361B}.Release|x64.Build.0 = Release|x64
		{03480F4F-F423-4144-90C6-CBDA68269374}.Debug|x64.ActiveCfg = Debug|x64
		{03480F4F-F423-4144-90C6-CBDA68269374}.Debug|x64.Build.0 = Debug|x64
		{03480F4F-F423-4144-90C6-CBDA68269374}.Release|x64.ActiveCfg = Release|x64
		{03480F4F-F423-4144-90C6-CBDA68269374}.Release|x64.Build.0 = Release|x64
		{A30986D1-6B5A-415D-A737-AE0D9EF4CE9C}.Debug|x64.ActiveCfg = Debug|x64
		{A30986D1-6B5A-415D-A737-AE0D9EF4CE9C}.Debug|x64.Build.0 = Debug|x64
		{A30986D1-6B5A-415D-A737-AE0D9EF4CE9C}.Release|x64.ActiveCfg = Release|x64
		{A30986D1-6B5A-415D-A737-AE0D9EF4CE9C}.Release|x64.Build.0 = Release|x64
		{A8FE4ABB-A952-49B0-B39A-9B3B4574587B}.Debug|x64.ActiveCfg = Debug|x64
		{A8FE4ABB-A952-49B0-B39A-9B3B4574587B}.Debug|x64.Build.0 = Debug|x64
		{A8FE4ABB-A952-49B0-B39A-9B3B4574587B}.Release|x64.ActiveCfg = Release|x64
		{A8FE4ABB-A952-49B0-B39A-9B3B4574587B}.Release|x64.Build.0 = Release|x64
		{13D6FF7F-E774-424C-940C-C76FF98D8916}.Debug|x64.ActiveCfg = Debug|x64
		{13D6FF7F-E774-424C-940C-C76FF98D8916}.Debug|x64.Build.0 = Debug|x64
		{13D6FF7F-E774-424C-940C-C76FF98D8916}.Release|x64.ActiveCfg = Release|x64
		{13D6FF7F-E774-424C-940C-C76FF98D8916}.Release|x64.Build.0 = Release|x64
		{F7482938-4DEE-4BEB-BBA7-D9AE696404F3}.Debug|x64.ActiveCfg = Debug|x64
		{F7482938-4DEE-4BEB-BBA7-D9AE696404F3}.Debug|x64.Build.0 = Debug|x64
		{F7482938-4DEE-4BEB-BBA7-D9AE696404F3}.Release|x64.ActiveCfg = Release|x64
		{F7482938-4DEE-4BEB-BBA7-D9AE696404F3}.Release|x64.Build.0 = Release|x64
	EndGlobalSection
	GlobalSection(SolutionProperties) = preSolution
		HideSolutionNode = FALSE
	EndGlobalSection
	GlobalSection(NestedProjects) = preSolution
		{93CF6900-8F5C-4364-9EAF-8992B883361B} = {DAF9C4D1-2E17-44C9-BC7B-0F26EDBE97E2}
		{03480F4F-F423-4144-90C6-CBDA68269374} = {DAF9C4D1-2E17-44C9-BC7B-0F26EDBE97E2}
		{A30986D1-6B5A-415D-A737-AE0D9EF4CE9C} = {DAF9C4D1-2E17-44C9-BC7B-0F26EDBE97E2}
		{A8FE4ABB-A952-49B0-B39A-9B3B4574587B} = {FCB71284-721B-4845-AF63-F80DD168D949}
		{13D6FF7F-E774-424C-940C-C76FF98D8916} = {FCB71284-721B-4845-AF63-F80DD168D949}
		{F7482938-4DEE-4BEB-BBA7-D9AE696404F3} = {DAF9C4D1-2E17-44C9-BC7B-0F26EDBE97E2}
	EndGlobalSection
	GlobalSection(ExtensibilityGlobals) = postSolution
		SolutionGuid = {C356BE2C-9585-4CCF-A852-29C6DFCCD5A5}
	EndGlobalSection
EndGlobal
